
Microsoft Visual Studio Solution File, Format Version 12.00
# Visual Studio 15
VisualStudioVersion = 15.0.25914.0
MinimumVisualStudioVersion = 10.0.40219.1
Project("{2150E333-8FDC-42A3-9474-1A3956D46DE8}") = "src", "src", "{A034FCD9-A025-4F24-9E26-3D438944A526}"
EndProject
Project("{2150E333-8FDC-42A3-9474-1A3956D46DE8}") = "Solution Items", "Solution Items", "{13B778C9-585D-49E9-B095-CAA9931A7761}"
EndProject
Project("{9A19103F-16F7-4668-BE54-9A1E7A4F7556}") = "WampSharp", "WampSharp\WampSharp.csproj", "{FAF48097-2A37-40B1-9416-DA656F7B13A7}"
EndProject
Project("{2150E333-8FDC-42A3-9474-1A3956D46DE8}") = "Default", "Default", "{EF15CA4F-CCAA-4435-A0B3-0E7FC1B955CD}"
EndProject
Project("{2150E333-8FDC-42A3-9474-1A3956D46DE8}") = "Extensions", "Extensions", "{234FC630-9975-4DD9-8A28-DAA75BB1DD7E}"
EndProject
Project("{9A19103F-16F7-4668-BE54-9A1E7A4F7556}") = "WampSharp.WebSockets", "Extensions\WampSharp.WebSockets\WampSharp.WebSockets.csproj", "{F3706F43-6A97-4AE1-9225-F995A99756F3}"
EndProject
Project("{9A19103F-16F7-4668-BE54-9A1E7A4F7556}") = "WampSharp.RawSocket", "Extensions\WampSharp.RawSocket\WampSharp.RawSocket.csproj", "{F3EAF470-1D65-45F5-BD49-EE4BB1D42A3A}"
EndProject
Project("{9A19103F-16F7-4668-BE54-9A1E7A4F7556}") = "WampSharp.WebSocket4Net", "Default\WampSharp.WebSocket4Net\WampSharp.WebSocket4Net.csproj", "{F9CEF7A6-FCD5-4AAA-A1B0-B1FBBDD1EFBC}"
EndProject
Project("{9A19103F-16F7-4668-BE54-9A1E7A4F7556}") = "WampSharp.NewtonsoftJson", "Default\WampSharp.NewtonsoftJson\WampSharp.NewtonsoftJson.csproj", "{9617DD9E-CBB4-4B35-8A87-98D131EB9A4A}"
EndProject
Project("{FAE04EC0-301F-11D3-BF4B-00C04F79EFBC}") = "WampSharp.NewtonsoftMsgpack", "Default\WampSharp.NewtonsoftMsgpack\WampSharp.NewtonsoftMsgpack.csproj", "{3BADBB6B-1AFE-4316-A7EE-C76477B97E78}"
EndProject
Project("{FAE04EC0-301F-11D3-BF4B-00C04F79EFBC}") = "WampSharp.AspNetCore.WebSockets.Server", "Extensions\WampSharp.AspNetCore.WebSockets.Server\WampSharp.AspNetCore.WebSockets.Server.csproj", "{6EAE268C-2A6F-4934-A4E5-C632B185512F}"
EndProject
Project("{FAE04EC0-301F-11D3-BF4B-00C04F79EFBC}") = "WampSharp.Default.Client", "WampSharp.Default.Client\WampSharp.Default.Client.csproj", "{344EB0CC-F107-4E38-8B5B-249A6CD86C19}"
EndProject
Project("{FAE04EC0-301F-11D3-BF4B-00C04F79EFBC}") = "WampSharp.Windows", "Default\WampSharp.Windows\WampSharp.Windows.csproj", "{1AF08CB1-1A49-4051-82AA-FB6EB0843560}"
EndProject
Global
	GlobalSection(SolutionConfigurationPlatforms) = preSolution
		Debug|Any CPU = Debug|Any CPU
		Debug|ARM = Debug|ARM
		Debug|x64 = Debug|x64
		Debug|x86 = Debug|x86
		Release|Any CPU = Release|Any CPU
		Release|ARM = Release|ARM
		Release|x64 = Release|x64
		Release|x86 = Release|x86
	EndGlobalSection
	GlobalSection(ProjectConfigurationPlatforms) = postSolution
		{FAF48097-2A37-40B1-9416-DA656F7B13A7}.Debug|Any CPU.ActiveCfg = Debug|Any CPU
		{FAF48097-2A37-40B1-9416-DA656F7B13A7}.Debug|Any CPU.Build.0 = Debug|Any CPU
		{FAF48097-2A37-40B1-9416-DA656F7B13A7}.Debug|ARM.ActiveCfg = Debug|Any CPU
		{FAF48097-2A37-40B1-9416-DA656F7B13A7}.Debug|ARM.Build.0 = Debug|Any CPU
		{FAF48097-2A37-40B1-9416-DA656F7B13A7}.Debug|x64.ActiveCfg = Debug|Any CPU
		{FAF48097-2A37-40B1-9416-DA656F7B13A7}.Debug|x86.ActiveCfg = Debug|Any CPU
		{FAF48097-2A37-40B1-9416-DA656F7B13A7}.Release|Any CPU.ActiveCfg = Debug|Any CPU
		{FAF48097-2A37-40B1-9416-DA656F7B13A7}.Release|Any CPU.Build.0 = Debug|Any CPU
		{FAF48097-2A37-40B1-9416-DA656F7B13A7}.Release|ARM.ActiveCfg = Release|Any CPU
		{FAF48097-2A37-40B1-9416-DA656F7B13A7}.Release|ARM.Build.0 = Release|Any CPU
		{FAF48097-2A37-40B1-9416-DA656F7B13A7}.Release|x64.ActiveCfg = Debug|Any CPU
		{FAF48097-2A37-40B1-9416-DA656F7B13A7}.Release|x64.Build.0 = Debug|Any CPU
		{FAF48097-2A37-40B1-9416-DA656F7B13A7}.Release|x86.ActiveCfg = Debug|Any CPU
		{FAF48097-2A37-40B1-9416-DA656F7B13A7}.Release|x86.Build.0 = Debug|Any CPU
		{F3706F43-6A97-4AE1-9225-F995A99756F3}.Debug|Any CPU.ActiveCfg = Debug|Any CPU
		{F3706F43-6A97-4AE1-9225-F995A99756F3}.Debug|Any CPU.Build.0 = Debug|Any CPU
		{F3706F43-6A97-4AE1-9225-F995A99756F3}.Debug|ARM.ActiveCfg = Debug|Any CPU
		{F3706F43-6A97-4AE1-9225-F995A99756F3}.Debug|ARM.Build.0 = Debug|Any CPU
		{F3706F43-6A97-4AE1-9225-F995A99756F3}.Debug|x64.ActiveCfg = Debug|Any CPU
		{F3706F43-6A97-4AE1-9225-F995A99756F3}.Debug|x86.ActiveCfg = Debug|Any CPU
		{F3706F43-6A97-4AE1-9225-F995A99756F3}.Release|Any CPU.ActiveCfg = Debug|Any CPU
		{F3706F43-6A97-4AE1-9225-F995A99756F3}.Release|Any CPU.Build.0 = Debug|Any CPU
		{F3706F43-6A97-4AE1-9225-F995A99756F3}.Release|ARM.ActiveCfg = Release|Any CPU
		{F3706F43-6A97-4AE1-9225-F995A99756F3}.Release|ARM.Build.0 = Release|Any CPU
		{F3706F43-6A97-4AE1-9225-F995A99756F3}.Release|x64.ActiveCfg = Debug|Any CPU
		{F3706F43-6A97-4AE1-9225-F995A99756F3}.Release|x64.Build.0 = Debug|Any CPU
		{F3706F43-6A97-4AE1-9225-F995A99756F3}.Release|x86.ActiveCfg = Debug|Any CPU
		{F3706F43-6A97-4AE1-9225-F995A99756F3}.Release|x86.Build.0 = Debug|Any CPU
		{F3EAF470-1D65-45F5-BD49-EE4BB1D42A3A}.Debug|Any CPU.ActiveCfg = Debug|Any CPU
		{F3EAF470-1D65-45F5-BD49-EE4BB1D42A3A}.Debug|Any CPU.Build.0 = Debug|Any CPU
		{F3EAF470-1D65-45F5-BD49-EE4BB1D42A3A}.Debug|ARM.ActiveCfg = Debug|Any CPU
		{F3EAF470-1D65-45F5-BD49-EE4BB1D42A3A}.Debug|ARM.Build.0 = Debug|Any CPU
		{F3EAF470-1D65-45F5-BD49-EE4BB1D42A3A}.Debug|x64.ActiveCfg = Debug|Any CPU
		{F3EAF470-1D65-45F5-BD49-EE4BB1D42A3A}.Debug|x86.ActiveCfg = Debug|Any CPU
		{F3EAF470-1D65-45F5-BD49-EE4BB1D42A3A}.Release|Any CPU.ActiveCfg = Debug|Any CPU
		{F3EAF470-1D65-45F5-BD49-EE4BB1D42A3A}.Release|Any CPU.Build.0 = Debug|Any CPU
		{F3EAF470-1D65-45F5-BD49-EE4BB1D42A3A}.Release|ARM.ActiveCfg = Release|Any CPU
		{F3EAF470-1D65-45F5-BD49-EE4BB1D42A3A}.Release|ARM.Build.0 = Release|Any CPU
		{F3EAF470-1D65-45F5-BD49-EE4BB1D42A3A}.Release|x64.ActiveCfg = Debug|Any CPU
		{F3EAF470-1D65-45F5-BD49-EE4BB1D42A3A}.Release|x64.Build.0 = Debug|Any CPU
		{F3EAF470-1D65-45F5-BD49-EE4BB1D42A3A}.Release|x86.ActiveCfg = Debug|Any CPU
		{F3EAF470-1D65-45F5-BD49-EE4BB1D42A3A}.Release|x86.Build.0 = Debug|Any CPU
		{F9CEF7A6-FCD5-4AAA-A1B0-B1FBBDD1EFBC}.Debug|Any CPU.ActiveCfg = Debug|Any CPU
		{F9CEF7A6-FCD5-4AAA-A1B0-B1FBBDD1EFBC}.Debug|Any CPU.Build.0 = Debug|Any CPU
		{F9CEF7A6-FCD5-4AAA-A1B0-B1FBBDD1EFBC}.Debug|ARM.ActiveCfg = Debug|Any CPU
		{F9CEF7A6-FCD5-4AAA-A1B0-B1FBBDD1EFBC}.Debug|ARM.Build.0 = Debug|Any CPU
		{F9CEF7A6-FCD5-4AAA-A1B0-B1FBBDD1EFBC}.Debug|x64.ActiveCfg = Debug|Any CPU
		{F9CEF7A6-FCD5-4AAA-A1B0-B1FBBDD1EFBC}.Debug|x86.ActiveCfg = Debug|Any CPU
		{F9CEF7A6-FCD5-4AAA-A1B0-B1FBBDD1EFBC}.Release|Any CPU.ActiveCfg = Debug|Any CPU
		{F9CEF7A6-FCD5-4AAA-A1B0-B1FBBDD1EFBC}.Release|Any CPU.Build.0 = Debug|Any CPU
		{F9CEF7A6-FCD5-4AAA-A1B0-B1FBBDD1EFBC}.Release|ARM.ActiveCfg = Release|Any CPU
		{F9CEF7A6-FCD5-4AAA-A1B0-B1FBBDD1EFBC}.Release|ARM.Build.0 = Release|Any CPU
		{F9CEF7A6-FCD5-4AAA-A1B0-B1FBBDD1EFBC}.Release|x64.ActiveCfg = Debug|Any CPU
		{F9CEF7A6-FCD5-4AAA-A1B0-B1FBBDD1EFBC}.Release|x64.Build.0 = Debug|Any CPU
		{F9CEF7A6-FCD5-4AAA-A1B0-B1FBBDD1EFBC}.Release|x86.ActiveCfg = Debug|Any CPU
		{F9CEF7A6-FCD5-4AAA-A1B0-B1FBBDD1EFBC}.Release|x86.Build.0 = Debug|Any CPU
		{9617DD9E-CBB4-4B35-8A87-98D131EB9A4A}.Debug|Any CPU.ActiveCfg = Debug|Any CPU
		{9617DD9E-CBB4-4B35-8A87-98D131EB9A4A}.Debug|Any CPU.Build.0 = Debug|Any CPU
		{9617DD9E-CBB4-4B35-8A87-98D131EB9A4A}.Debug|ARM.ActiveCfg = Debug|Any CPU
		{9617DD9E-CBB4-4B35-8A87-98D131EB9A4A}.Debug|ARM.Build.0 = Debug|Any CPU
		{9617DD9E-CBB4-4B35-8A87-98D131EB9A4A}.Debug|x64.ActiveCfg = Debug|x64
		{9617DD9E-CBB4-4B35-8A87-98D131EB9A4A}.Debug|x64.Build.0 = Debug|x64
		{9617DD9E-CBB4-4B35-8A87-98D131EB9A4A}.Debug|x86.ActiveCfg = Debug|x86
		{9617DD9E-CBB4-4B35-8A87-98D131EB9A4A}.Debug|x86.Build.0 = Debug|x86
		{9617DD9E-CBB4-4B35-8A87-98D131EB9A4A}.Release|Any CPU.ActiveCfg = Release|Any CPU
		{9617DD9E-CBB4-4B35-8A87-98D131EB9A4A}.Release|Any CPU.Build.0 = Release|Any CPU
		{9617DD9E-CBB4-4B35-8A87-98D131EB9A4A}.Release|ARM.ActiveCfg = Release|Any CPU
		{9617DD9E-CBB4-4B35-8A87-98D131EB9A4A}.Release|ARM.Build.0 = Release|Any CPU
		{9617DD9E-CBB4-4B35-8A87-98D131EB9A4A}.Release|x64.ActiveCfg = Release|x64
		{9617DD9E-CBB4-4B35-8A87-98D131EB9A4A}.Release|x64.Build.0 = Release|x64
		{9617DD9E-CBB4-4B35-8A87-98D131EB9A4A}.Release|x86.ActiveCfg = Release|x86
		{9617DD9E-CBB4-4B35-8A87-98D131EB9A4A}.Release|x86.Build.0 = Release|x86
		{3BADBB6B-1AFE-4316-A7EE-C76477B97E78}.Debug|Any CPU.ActiveCfg = Debug|Any CPU
		{3BADBB6B-1AFE-4316-A7EE-C76477B97E78}.Debug|Any CPU.Build.0 = Debug|Any CPU
		{3BADBB6B-1AFE-4316-A7EE-C76477B97E78}.Debug|ARM.ActiveCfg = Debug|Any CPU
		{3BADBB6B-1AFE-4316-A7EE-C76477B97E78}.Debug|ARM.Build.0 = Debug|Any CPU
		{3BADBB6B-1AFE-4316-A7EE-C76477B97E78}.Debug|x64.ActiveCfg = Debug|Any CPU
		{3BADBB6B-1AFE-4316-A7EE-C76477B97E78}.Debug|x64.Build.0 = Debug|Any CPU
		{3BADBB6B-1AFE-4316-A7EE-C76477B97E78}.Debug|x86.ActiveCfg = Debug|Any CPU
		{3BADBB6B-1AFE-4316-A7EE-C76477B97E78}.Debug|x86.Build.0 = Debug|Any CPU
		{3BADBB6B-1AFE-4316-A7EE-C76477B97E78}.Release|Any CPU.ActiveCfg = Release|Any CPU
		{3BADBB6B-1AFE-4316-A7EE-C76477B97E78}.Release|Any CPU.Build.0 = Release|Any CPU
		{3BADBB6B-1AFE-4316-A7EE-C76477B97E78}.Release|ARM.ActiveCfg = Release|Any CPU
		{3BADBB6B-1AFE-4316-A7EE-C76477B97E78}.Release|ARM.Build.0 = Release|Any CPU
		{3BADBB6B-1AFE-4316-A7EE-C76477B97E78}.Release|x64.ActiveCfg = Release|Any CPU
		{3BADBB6B-1AFE-4316-A7EE-C76477B97E78}.Release|x64.Build.0 = Release|Any CPU
		{3BADBB6B-1AFE-4316-A7EE-C76477B97E78}.Release|x86.ActiveCfg = Release|Any CPU
		{3BADBB6B-1AFE-4316-A7EE-C76477B97E78}.Release|x86.Build.0 = Release|Any CPU
		{6EAE268C-2A6F-4934-A4E5-C632B185512F}.Debug|Any CPU.ActiveCfg = Debug|Any CPU
		{6EAE268C-2A6F-4934-A4E5-C632B185512F}.Debug|Any CPU.Build.0 = Debug|Any CPU
		{6EAE268C-2A6F-4934-A4E5-C632B185512F}.Debug|ARM.ActiveCfg = Debug|Any CPU
		{6EAE268C-2A6F-4934-A4E5-C632B185512F}.Debug|ARM.Build.0 = Debug|Any CPU
		{6EAE268C-2A6F-4934-A4E5-C632B185512F}.Debug|x64.ActiveCfg = Debug|Any CPU
		{6EAE268C-2A6F-4934-A4E5-C632B185512F}.Debug|x64.Build.0 = Debug|Any CPU
		{6EAE268C-2A6F-4934-A4E5-C632B185512F}.Debug|x86.ActiveCfg = Debug|Any CPU
		{6EAE268C-2A6F-4934-A4E5-C632B185512F}.Debug|x86.Build.0 = Debug|Any CPU
		{6EAE268C-2A6F-4934-A4E5-C632B185512F}.Release|Any CPU.ActiveCfg = Release|Any CPU
		{6EAE268C-2A6F-4934-A4E5-C632B185512F}.Release|Any CPU.Build.0 = Release|Any CPU
		{6EAE268C-2A6F-4934-A4E5-C632B185512F}.Release|ARM.ActiveCfg = Release|Any CPU
		{6EAE268C-2A6F-4934-A4E5-C632B185512F}.Release|ARM.Build.0 = Release|Any CPU
		{6EAE268C-2A6F-4934-A4E5-C632B185512F}.Release|x64.ActiveCfg = Release|Any CPU
		{6EAE268C-2A6F-4934-A4E5-C632B185512F}.Release|x64.Build.0 = Release|Any CPU
		{6EAE268C-2A6F-4934-A4E5-C632B185512F}.Release|x86.ActiveCfg = Release|Any CPU
		{6EAE268C-2A6F-4934-A4E5-C632B185512F}.Release|x86.Build.0 = Release|Any CPU
		{344EB0CC-F107-4E38-8B5B-249A6CD86C19}.Debug|Any CPU.ActiveCfg = Debug|Any CPU
		{344EB0CC-F107-4E38-8B5B-249A6CD86C19}.Debug|Any CPU.Build.0 = Debug|Any CPU
		{344EB0CC-F107-4E38-8B5B-249A6CD86C19}.Debug|ARM.ActiveCfg = Debug|Any CPU
		{344EB0CC-F107-4E38-8B5B-249A6CD86C19}.Debug|ARM.Build.0 = Debug|Any CPU
		{344EB0CC-F107-4E38-8B5B-249A6CD86C19}.Debug|x64.ActiveCfg = Debug|Any CPU
		{344EB0CC-F107-4E38-8B5B-249A6CD86C19}.Debug|x64.Build.0 = Debug|Any CPU
		{344EB0CC-F107-4E38-8B5B-249A6CD86C19}.Debug|x86.ActiveCfg = Debug|Any CPU
		{344EB0CC-F107-4E38-8B5B-249A6CD86C19}.Debug|x86.Build.0 = Debug|Any CPU
		{344EB0CC-F107-4E38-8B5B-249A6CD86C19}.Release|Any CPU.ActiveCfg = Release|Any CPU
		{344EB0CC-F107-4E38-8B5B-249A6CD86C19}.Release|Any CPU.Build.0 = Release|Any CPU
		{344EB0CC-F107-4E38-8B5B-249A6CD86C19}.Release|ARM.ActiveCfg = Release|Any CPU
		{344EB0CC-F107-4E38-8B5B-249A6CD86C19}.Release|ARM.Build.0 = Release|Any CPU
		{344EB0CC-F107-4E38-8B5B-249A6CD86C19}.Release|x64.ActiveCfg = Release|Any CPU
		{344EB0CC-F107-4E38-8B5B-249A6CD86C19}.Release|x64.Build.0 = Release|Any CPU
		{344EB0CC-F107-4E38-8B5B-249A6CD86C19}.Release|x86.ActiveCfg = Release|Any CPU
		{344EB0CC-F107-4E38-8B5B-249A6CD86C19}.Release|x86.Build.0 = Release|Any CPU
		{1AF08CB1-1A49-4051-82AA-FB6EB0843560}.Debug|Any CPU.ActiveCfg = Debug|Any CPU
		{1AF08CB1-1A49-4051-82AA-FB6EB0843560}.Debug|Any CPU.Build.0 = Debug|Any CPU
		{1AF08CB1-1A49-4051-82AA-FB6EB0843560}.Debug|ARM.ActiveCfg = Debug|ARM
		{1AF08CB1-1A49-4051-82AA-FB6EB0843560}.Debug|ARM.Build.0 = Debug|ARM
		{1AF08CB1-1A49-4051-82AA-FB6EB0843560}.Debug|x64.ActiveCfg = Debug|x64
		{1AF08CB1-1A49-4051-82AA-FB6EB0843560}.Debug|x64.Build.0 = Debug|x64
		{1AF08CB1-1A49-4051-82AA-FB6EB0843560}.Debug|x86.ActiveCfg = Debug|x86
		{1AF08CB1-1A49-4051-82AA-FB6EB0843560}.Debug|x86.Build.0 = Debug|x86
		{1AF08CB1-1A49-4051-82AA-FB6EB0843560}.Release|Any CPU.ActiveCfg = Release|Any CPU
		{1AF08CB1-1A49-4051-82AA-FB6EB0843560}.Release|Any CPU.Build.0 = Release|Any CPU
		{1AF08CB1-1A49-4051-82AA-FB6EB0843560}.Release|ARM.ActiveCfg = Release|ARM
		{1AF08CB1-1A49-4051-82AA-FB6EB0843560}.Release|ARM.Build.0 = Release|ARM
		{1AF08CB1-1A49-4051-82AA-FB6EB0843560}.Release|x64.ActiveCfg = Release|x64
		{1AF08CB1-1A49-4051-82AA-FB6EB0843560}.Release|x64.Build.0 = Release|x64
		{1AF08CB1-1A49-4051-82AA-FB6EB0843560}.Release|x86.ActiveCfg = Release|x86
		{1AF08CB1-1A49-4051-82AA-FB6EB0843560}.Release|x86.Build.0 = Release|x86
	EndGlobalSection
	GlobalSection(SolutionProperties) = preSolution
		HideSolutionNode = FALSE
	EndGlobalSection
	GlobalSection(NestedProjects) = preSolution
		{FAF48097-2A37-40B1-9416-DA656F7B13A7} = {A034FCD9-A025-4F24-9E26-3D438944A526}
		{EF15CA4F-CCAA-4435-A0B3-0E7FC1B955CD} = {A034FCD9-A025-4F24-9E26-3D438944A526}
		{234FC630-9975-4DD9-8A28-DAA75BB1DD7E} = {A034FCD9-A025-4F24-9E26-3D438944A526}
		{F3706F43-6A97-4AE1-9225-F995A99756F3} = {234FC630-9975-4DD9-8A28-DAA75BB1DD7E}
		{F3EAF470-1D65-45F5-BD49-EE4BB1D42A3A} = {234FC630-9975-4DD9-8A28-DAA75BB1DD7E}
		{F9CEF7A6-FCD5-4AAA-A1B0-B1FBBDD1EFBC} = {EF15CA4F-CCAA-4435-A0B3-0E7FC1B955CD}
		{9617DD9E-CBB4-4B35-8A87-98D131EB9A4A} = {EF15CA4F-CCAA-4435-A0B3-0E7FC1B955CD}
		{3BADBB6B-1AFE-4316-A7EE-C76477B97E78} = {EF15CA4F-CCAA-4435-A0B3-0E7FC1B955CD}
		{6EAE268C-2A6F-4934-A4E5-C632B185512F} = {234FC630-9975-4DD9-8A28-DAA75BB1DD7E}
		{344EB0CC-F107-4E38-8B5B-249A6CD86C19} = {A034FCD9-A025-4F24-9E26-3D438944A526}
	EndGlobalSection
EndGlobal
